<?xml version="1.0" encoding="utf-8"?>
<Project ToolsVersion="4.0" xmlns="http://schemas.microsoft.com/developer/msbuild/2003">
  <ItemGroup>
    <Filter Include="Source Files">
      <UniqueIdentifier>{4FC737F1-C7A5-4376-A066-2A32D752A2FF}</UniqueIdentifier>
      <Extensions>cpp;c;cc;cxx;def;odl;idl;hpj;bat;asm;asmx</Extensions>
    </Filter>
    <Filter Include="Header Files">
      <UniqueIdentifier>{93995380-89BD-4b04-88EB-625FBE52EBFB}</UniqueIdentifier>
      <Extensions>h;hpp;hxx;hm;inl;inc;xsd</Extensions>
    </Filter>
    <Filter Include="Resource Files">
      <UniqueIdentifier>{67DA6AB6-F800-4c08-8B7A-83BB121AAD01}</UniqueIdentifier>
      <Extensions>rc;ico;cur;bmp;dlg;rc2;rct;bin;rgs;gif;jpg;jpeg;jpe;resx;tiff;tif;png;wav;mfcribbon-ms</Extensions>
    </Filter>
    <Filter Include="Source Files\Render">
      <UniqueIdentifier>{def0d180-15d1-4ecb-8fdd-f02fdc8ba1e1}</UniqueIdentifier>
    </Filter>
    <Filter Include="Source Files\UserInput">
      <UniqueIdentifier>{66508739-f901-42cd-87b8-f168bc61a496}</UniqueIdentifier>
    </Filter>
    <Filter Include="Source Files\Misc">
      <UniqueIdentifier>{bff83a18-2666-4837-95c9-df9e4d252293}</UniqueIdentifier>
    </Filter>
    <Filter Include="Header Files\Misc">
      <UniqueIdentifier>{bdde4ba5-9ef9-4e6d-a55d-1a65e20f25d1}</UniqueIdentifier>
    </Filter>
    <Filter Include="Header Files\Render">
      <UniqueIdentifier>{b3e80af1-a3da-4736-902a-d1f91d75fedf}</UniqueIdentifier>
    </Filter>
    <Filter Include="Header Files\UserInput">
      <UniqueIdentifier>{96b8174c-7192-464f-a439-fed7e5c63825}</UniqueIdentifier>
    </Filter>
    <Filter Include="Header Files\Sound">
      <UniqueIdentifier>{9517557c-0db1-496e-9db0-8bdb3f7c6d99}</UniqueIdentifier>
    </Filter>
    <Filter Include="Source Files\Sound">
      <UniqueIdentifier>{c92aa1f6-5868-4d17-b498-6e0952214949}</UniqueIdentifier>
    </Filter>
    <Filter Include="Header Files\Memory">
      <UniqueIdentifier>{f26fbe76-50db-4e1b-8913-fd0bce7b00eb}</UniqueIdentifier>
    </Filter>
    <Filter Include="Source Files\Memory">
      <UniqueIdentifier>{41a69445-2c98-4e10-a37d-bceb700a3d7b}</UniqueIdentifier>
    </Filter>
    <Filter Include="Header Files\Game_Base">
      <UniqueIdentifier>{ec07a792-fedc-4083-9cc3-4477d6048c3f}</UniqueIdentifier>
    </Filter>
    <Filter Include="Source Files\Game_Base">
      <UniqueIdentifier>{33ce0a55-01d1-4b2c-bda4-f80fcb6ada2b}</UniqueIdentifier>
    </Filter>
  </ItemGroup>
  <ItemGroup>
    <Text Include="ReadMe.txt" />
  </ItemGroup>
  <ItemGroup>
    <ClInclude Include="stdafx.h">
      <Filter>Header Files</Filter>
    </ClInclude>
    <ClInclude Include="targetver.h">
      <Filter>Header Files</Filter>
    </ClInclude>
    <ClInclude Include="dx2dutils.h">
      <Filter>Header Files\Misc</Filter>
    </ClInclude>
    <ClInclude Include="dx3dutils.h">
      <Filter>Header Files\Misc</Filter>
    </ClInclude>
    <ClInclude Include="RaidCore_GameApp.h">
      <Filter>Header Files</Filter>
    </ClInclude>
    <ClInclude Include="RaidCore_Base2dRenderHeader.h">
      <Filter>Header Files\Render</Filter>
    </ClInclude>
    <ClInclude Include="RaidCore_Base3dRenderHeader.h">
      <Filter>Header Files\Render</Filter>
    </ClInclude>
    <ClInclude Include="RaidCore_RenderHandler.h">
      <Filter>Header Files\Render</Filter>
    </ClInclude>
    <ClInclude Include="RaidCore_BasicSceneComposer.h">
      <Filter>Header Files\Render</Filter>
    </ClInclude>
    <ClInclude Include="RaidCore_SoundSystem.h">
      <Filter>Header Files\Sound</Filter>
    </ClInclude>
    <ClInclude Include="RaidCore_UserInputHdr.h">
      <Filter>Header Files\UserInput</Filter>
    </ClInclude>
    <ClInclude Include="RaidCore_UserInputMgr.h">
      <Filter>Header Files\UserInput</Filter>
    </ClInclude>
    <ClInclude Include="RaidCore_MemManager.h">
      <Filter>Header Files\Memory</Filter>
    </ClInclude>
    <ClInclude Include="RaidCore_GameReferenceObjects.h">
      <Filter>Header Files\Memory</Filter>
    </ClInclude>
    <ClInclude Include="RaidCore_StructuresHeader.h">
      <Filter>Header Files\Game_Base</Filter>
    </ClInclude>
    <ClInclude Include="RaidCore_GameWorld.h">
      <Filter>Header Files\Game_Base</Filter>
    </ClInclude>
    <ClInclude Include="RaidCore_GameState.h">
      <Filter>Header Files\Game_Base</Filter>
    </ClInclude>
    <ClInclude Include="RaidCore_Actor.h">
      <Filter>Header Files\Game_Base</Filter>
    </ClInclude>
    <ClInclude Include="RaidCore_MathIntinsic.h">
      <Filter>Header Files\Misc</Filter>
    </ClInclude>
  </ItemGroup>
  <ItemGroup>
    <ClCompile Include="stdafx.cpp">
      <Filter>Source Files</Filter>
    </ClCompile>
    <ClCompile Include="dx2dutils.cpp">
      <Filter>Source Files\Misc</Filter>
    </ClCompile>
    <ClCompile Include="dx3dutils.cpp">
      <Filter>Source Files\Misc</Filter>
    </ClCompile>
    <ClCompile Include="RaidCore_MemManager.cpp">
      <Filter>Source Files\Memory</Filter>
    </ClCompile>
    <ClCompile Include="RaidCore_RenderHandler.cpp">
      <Filter>Source Files\Render</Filter>
    </ClCompile>
    <ClCompile Include="RaidCore_BasicSceneComposer.cpp">
      <Filter>Source Files\Render</Filter>
    </ClCompile>
    <ClCompile Include="RaidCore_SoundSystem.cpp">
      <Filter>Source Files\Sound</Filter>
    </ClCompile>
    <ClCompile Include="RaidCore_UserInputMgr.cpp">
      <Filter>Source Files\UserInput</Filter>
    </ClCompile>
    <ClCompile Include="RaidCore_Actor.cpp">
      <Filter>Source Files\Game_Base</Filter>
    </ClCompile>
    <ClCompile Include="RaidCore_GameWorld.cpp">
      <Filter>Source Files\Game_Base</Filter>
    </ClCompile>
    <ClCompile Include="RaidCore_Win32Utils.cpp">
      <Filter>Source Files\Misc</Filter>
    </ClCompile>
    <ClCompile Include="RaidCore_CoordinateXFormUtils.cpp">
      <Filter>Source Files\Misc</Filter>
    </ClCompile>
    <ClCompile Include="RaidCore_MathIntrinsic.cpp">
      <Filter>Source Files\Misc</Filter>
    </ClCompile>
  </ItemGroup>
</Project>